// !$*UTF8*$!
{
	archiveVersion = 1;
	classes = {
	};
	objectVersion = 46;
	objects = {

/* Begin PBXBuildFile section */
		6B0C18291CA25AF90087C7AE /* main.m in Sources */ = {isa = PBXBuildFile; fileRef = 6B0C18281CA25AF90087C7AE /* main.m */; };
		6B0C18301CA2611F0087C7AE /* Calculator.m in Sources */ = {isa = PBXBuildFile; fileRef = 6B0C182F1CA2611F0087C7AE /* Calculator.m */; };
		6B82498B1CA75EDA008EE861 /* CalculatorTesting.m in Sources */ = {isa = PBXBuildFile; fileRef = 6B82498A1CA75EDA008EE861 /* CalculatorTesting.m */; };
		6B8249921CA761BF008EE861 /* Calculator.m in Sources */ = {isa = PBXBuildFile; fileRef = 6B0C182F1CA2611F0087C7AE /* Calculator.m */; };
		6B8249931CA761BF008EE861 /* Calculator.h in Sources */ = {isa = PBXBuildFile; fileRef = 6B8249811CA54A89008EE861 /* Calculator.h */; };
/* End PBXBuildFile section */

/* Begin PBXContainerItemProxy section */
		6B8249901CA76196008EE861 /* PBXContainerItemProxy */ = {
			isa = PBXContainerItemProxy;
			containerPortal = 6B0C181D1CA25AF90087C7AE /* Project object */;
			proxyType = 1;
			remoteGlobalIDString = 6B0C18241CA25AF90087C7AE;
			remoteInfo = calculator;
		};
/* End PBXContainerItemProxy section */

/* Begin PBXCopyFilesBuildPhase section */
		6B0C18231CA25AF90087C7AE /* CopyFiles */ = {
			isa = PBXCopyFilesBuildPhase;
			buildActionMask = 2147483647;
			dstPath = /usr/share/man/man1/;
			dstSubfolderSpec = 0;
			files = (
			);
			runOnlyForDeploymentPostprocessing = 1;
		};
/* End PBXCopyFilesBuildPhase section */

/* Begin PBXFileReference section */
		6B0C18251CA25AF90087C7AE /* calculator */ = {isa = PBXFileReference; explicitFileType = "compiled.mach-o.executable"; includeInIndex = 0; path = calculator; sourceTree = BUILT_PRODUCTS_DIR; };
		6B0C18281CA25AF90087C7AE /* main.m */ = {isa = PBXFileReference; lastKnownFileType = sourcecode.c.objc; path = main.m; sourceTree = "<group>"; };
		6B0C182F1CA2611F0087C7AE /* Calculator.m */ = {isa = PBXFileReference; fileEncoding = 4; lastKnownFileType = sourcecode.c.objc; path = Calculator.m; sourceTree = "<group>"; };
		6B8249811CA54A89008EE861 /* Calculator.h */ = {isa = PBXFileReference; lastKnownFileType = sourcecode.c.h; path = Calculator.h; sourceTree = "<group>"; };
		6B8249881CA75EDA008EE861 /* CalculatorTesting.xctest */ = {isa = PBXFileReference; explicitFileType = wrapper.cfbundle; includeInIndex = 0; path = CalculatorTesting.xctest; sourceTree = BUILT_PRODUCTS_DIR; };
		6B82498A1CA75EDA008EE861 /* CalculatorTesting.m */ = {isa = PBXFileReference; lastKnownFileType = sourcecode.c.objc; path = CalculatorTesting.m; sourceTree = "<group>"; };
		6B82498C1CA75EDA008EE861 /* Info.plist */ = {isa = PBXFileReference; lastKnownFileType = text.plist.xml; path = Info.plist; sourceTree = "<group>"; };
/* End PBXFileReference section */

/* Begin PBXFrameworksBuildPhase section */
		6B0C18221CA25AF90087C7AE /* Frameworks */ = {
			isa = PBXFrameworksBuildPhase;
			buildActionMask = 2147483647;
			files = (
			);
			runOnlyForDeploymentPostprocessing = 0;
		};
		6B8249851CA75EDA008EE861 /* Frameworks */ = {
			isa = PBXFrameworksBuildPhase;
			buildActionMask = 2147483647;
			files = (
			);
			runOnlyForDeploymentPostprocessing = 0;
		};
/* End PBXFrameworksBuildPhase section */

/* Begin PBXGroup section */
		6B0C181C1CA25AF90087C7AE = {
			isa = PBXGroup;
			children = (
				6B0C18271CA25AF90087C7AE /* calculator */,
				6B8249891CA75EDA008EE861 /* CalculatorTesting */,
				6B0C18261CA25AF90087C7AE /* Products */,
			);
			sourceTree = "<group>";
		};
		6B0C18261CA25AF90087C7AE /* Products */ = {
			isa = PBXGroup;
			children = (
				6B0C18251CA25AF90087C7AE /* calculator */,
				6B8249881CA75EDA008EE861 /* CalculatorTesting.xctest */,
			);
			name = Products;
			sourceTree = "<group>";
		};
		6B0C18271CA25AF90087C7AE /* calculator */ = {
			isa = PBXGroup;
			children = (
				6B0C18281CA25AF90087C7AE /* main.m */,
				6B0C182F1CA2611F0087C7AE /* Calculator.m */,
				6B8249811CA54A89008EE861 /* Calculator.h */,
			);
			path = calculator;
			sourceTree = "<group>";
		};
		6B8249891CA75EDA008EE861 /* CalculatorTesting */ = {
			isa = PBXGroup;
			children = (
				6B82498A1CA75EDA008EE861 /* CalculatorTesting.m */,
				6B82498C1CA75EDA008EE861 /* Info.plist */,
			);
			path = CalculatorTesting;
			sourceTree = "<group>";
		};
/* End PBXGroup section */

/* Begin PBXNativeTarget section */
		6B0C18241CA25AF90087C7AE /* calculator */ = {
			isa = PBXNativeTarget;
			buildConfigurationList = 6B0C182C1CA25AF90087C7AE /* Build configuration list for PBXNativeTarget "calculator" */;
			buildPhases = (
				6B0C18211CA25AF90087C7AE /* Sources */,
				6B0C18221CA25AF90087C7AE /* Frameworks */,
				6B0C18231CA25AF90087C7AE /* CopyFiles */,
			);
			buildRules = (
			);
			dependencies = (
			);
			name = calculator;
			productName = calculator;
			productReference = 6B0C18251CA25AF90087C7AE /* calculator */;
			productType = "com.apple.product-type.tool";
		};
		6B8249871CA75EDA008EE861 /* CalculatorTesting */ = {
			isa = PBXNativeTarget;
			buildConfigurationList = 6B82498D1CA75EDA008EE861 /* Build configuration list for PBXNativeTarget "CalculatorTesting" */;
			buildPhases = (
				6B8249841CA75EDA008EE861 /* Sources */,
				6B8249851CA75EDA008EE861 /* Frameworks */,
				6B8249861CA75EDA008EE861 /* Resources */,
			);
			buildRules = (
			);
			dependencies = (
				6B8249911CA76196008EE861 /* PBXTargetDependency */,
			);
			name = CalculatorTesting;
			productName = CalculatorTesting;
			productReference = 6B8249881CA75EDA008EE861 /* CalculatorTesting.xctest */;
			productType = "com.apple.product-type.bundle.unit-test";
		};
/* End PBXNativeTarget section */

/* Begin PBXProject section */
		6B0C181D1CA25AF90087C7AE /* Project object */ = {
			isa = PBXProject;
			attributes = {
				LastUpgradeCheck = 0730;
				ORGANIZATIONNAME = "Pascal Brokmeier";
				TargetAttributes = {
					6B0C18241CA25AF90087C7AE = {
						CreatedOnToolsVersion = 7.3;
					};
					6B8249871CA75EDA008EE861 = {
						CreatedOnToolsVersion = 7.3;
					};
				};
			};
			buildConfigurationList = 6B0C18201CA25AF90087C7AE /* Build configuration list for PBXProject "calculator" */;
			compatibilityVersion = "Xcode 3.2";
			developmentRegion = English;
			hasScannedForEncodings = 0;
			knownRegions = (
				en,
			);
			mainGroup = 6B0C181C1CA25AF90087C7AE;
			productRefGroup = 6B0C18261CA25AF90087C7AE /* Products */;
			projectDirPath = "";
			projectRoot = "";
			targets = (
				6B0C18241CA25AF90087C7AE /* calculator */,
				6B8249871CA75EDA008EE861 /* CalculatorTesting */,
			);
		};
/* End PBXProject section */

/* Begin PBXResourcesBuildPhase section */
		6B8249861CA75EDA008EE861 /* Resources */ = {
			isa = PBXResourcesBuildPhase;
			buildActionMask = 2147483647;
			files = (
			);
			runOnlyForDeploymentPostprocessing = 0;
		};
/* End PBXResourcesBuildPhase section */

/* Begin PBXSourcesBuildPhase section */
		6B0C18211CA25AF90087C7AE /* Sources */ = {
			isa = PBXSourcesBuildPhase;
			buildActionMask = 2147483647;
			files = (
				6B0C18291CA25AF90087C7AE /* main.m in Sources */,
				6B0C18301CA2611F0087C7AE /* Calculator.m in Sources */,
			);
			runOnlyForDeploymentPostprocessing = 0;
		};
		6B8249841CA75EDA008EE861 /* Sources */ = {
			isa = PBXSourcesBuildPhase;
			buildActionMask = 2147483647;
			files = (
				6B8249921CA761BF008EE861 /* Calculator.m in Sources */,
				6B8249931CA761BF008EE861 /* Calculator.h in Sources */,
				6B82498B1CA75EDA008EE861 /* CalculatorTesting.m in Sources */,
			);
			runOnlyForDeploymentPostprocessing = 0;
		};
/* End PBXSourcesBuildPhase section */

/* Begin PBXTargetDependency section */
		6B8249911CA76196008EE861 /* PBXTargetDependency */ = {
			isa = PBXTargetDependency;
			target = 6B0C18241CA25AF90087C7AE /* calculator */;
			targetProxy = 6B8249901CA76196008EE861 /* PBXContainerItemProxy */;
		};
/* End PBXTargetDependency section */

/* Begin XCBuildConfiguration section */
		6B0C182A1CA25AF90087C7AE /* Debug */ = {
			isa = XCBuildConfiguration;
			buildSettings = {
				ALWAYS_SEARCH_USER_PATHS = NO;
				CLANG_ANALYZER_NONNULL = YES;
				CLANG_CXX_LANGUAGE_STANDARD = "gnu++0x";
				CLANG_CXX_LIBRARY = "libc++";
				CLANG_ENABLE_MODULES = YES;
				CLANG_ENABLE_OBJC_ARC = YES;
				CLANG_WARN_BOOL_CONVERSION = YES;
				CLANG_WARN_CONSTANT_CONVERSION = YES;
				CLANG_WARN_DIRECT_OBJC_ISA_USAGE = YES_ERROR;
				CLANG_WARN_EMPTY_BODY = YES;
				CLANG_WARN_ENUM_CONVERSION = YES;
				CLANG_WARN_INT_CONVERSION = YES;
				CLANG_WARN_OBJC_ROOT_CLASS = YES_ERROR;
				CLANG_WARN_UNREACHABLE_CODE = YES;
				CLANG_WARN__DUPLICATE_METHOD_MATCH = YES;
				CODE_SIGN_IDENTITY = "-";
				COPY_PHASE_STRIP = NO;
				DEBUG_INFORMATION_FORMAT = dwarf;
				ENABLE_STRICT_OBJC_MSGSEND = YES;
				ENABLE_TESTABILITY = YES;
				GCC_C_LANGUAGE_STANDARD = gnu99;
				GCC_DYNAMIC_NO_PIC = NO;
				GCC_NO_COMMON_BLOCKS = YES;
				GCC_OPTIMIZATION_LEVEL = 0;
				GCC_PREPROCESSOR_DEFINITIONS = (
					"DEBUG=1",
					"$(inherited)",
				);
				GCC_WARN_64_TO_32_BIT_CONVERSION = YES;
				GCC_WARN_ABOUT_RETURN_TYPE = YES_ERROR;
				GCC_WARN_UNDECLARED_SELECTOR = YES;
				GCC_WARN_UNINITIALIZED_AUTOS = YES_AGGRESSIVE;
				GCC_WARN_UNUSED_FUNCTION = YES;
				GCC_WARN_UNUSED_VARIABLE = YES;
				MACOSX_DEPLOYMENT_TARGET = 10.11;
				MTL_ENABLE_DEBUG_INFO = YES;
				ONLY_ACTIVE_ARCH = YES;
				SDKROOT = macosx;
			};
			name = Debug;
		};
		6B0C182B1CA25AF90087C7AE /* Release */ = {
			isa = XCBuildConfiguration;
			buildSettings = {
				ALWAYS_SEARCH_USER_PATHS = NO;
				CLANG_ANALYZER_NONNULL = YES;
				CLANG_CXX_LANGUAGE_STANDARD = "gnu++0x";
				CLANG_CXX_LIBRARY = "libc++";
				CLANG_ENABLE_MODULES = YES;
				CLANG_ENABLE_OBJC_ARC = YES;
				CLANG_WARN_BOOL_CONVERSION = YES;
				CLANG_WARN_CONSTANT_CONVERSION = YES;
				CLANG_WARN_DIRECT_OBJC_ISA_USAGE = YES_ERROR;
				CLANG_WARN_EMPTY_BODY = YES;
				CLANG_WARN_ENUM_CONVERSION = YES;
				CLANG_WARN_INT_CONVERSION = YES;
				CLANG_WARN_OBJC_ROOT_CLASS = YES_ERROR;
				CLANG_WARN_UNREACHABLE_CODE = YES;
				CLANG_WARN__DUPLICATE_METHOD_MATCH = YES;
				CODE_SIGN_IDENTITY = "-";
				COPY_PHASE_STRIP = NO;
				DEBUG_INFORMATION_FORMAT = "dwarf-with-dsym";
				ENABLE_NS_ASSERTIONS = NO;
				ENABLE_STRICT_OBJC_MSGSEND = YES;
				GCC_C_LANGUAGE_STANDARD = gnu99;
				GCC_NO_COMMON_BLOCKS = YES;
				GCC_WARN_64_TO_32_BIT_CONVERSION = YES;
				GCC_WARN_ABOUT_RETURN_TYPE = YES_ERROR;
				GCC_WARN_UNDECLARED_SELECTOR = YES;
				GCC_WARN_UNINITIALIZED_AUTOS = YES_AGGRESSIVE;
				GCC_WARN_UNUSED_FUNCTION = YES;
				GCC_WARN_UNUSED_VARIABLE = YES;
				MACOSX_DEPLOYMENT_TARGET = 10.11;
				MTL_ENABLE_DEBUG_INFO = NO;
				SDKROOT = macosx;
			};
			name = Release;
		};
		6B0C182D1CA25AF90087C7AE /* Debug */ = {
			isa = XCBuildConfiguration;
			buildSettings = {
				PRODUCT_NAME = "$(TARGET_NAME)";
			};
			name = Debug;
		};
		6B0C182E1CA25AF90087C7AE /* Release */ = {
			isa = XCBuildConfiguration;
			buildSettings = {
				PRODUCT_NAME = "$(TARGET_NAME)";
			};
			name = Release;
		};
		6B82498E1CA75EDA008EE861 /* Debug */ = {
			isa = XCBuildConfiguration;
			buildSettings = {
				COMBINE_HIDPI_IMAGES = YES;
				INFOPLIST_FILE = CalculatorTesting/Info.plist;
				LD_RUNPATH_SEARCH_PATHS = "$(inherited) @executable_path/../Frameworks @loader_path/../Frameworks";
				PRODUCT_BUNDLE_IDENTIFIER = au.edu.uts.12537015.CalculatorTesting;
				PRODUCT_NAME = "$(TARGET_NAME)";
			};
			name = Debug;
		};
		6B82498F1CA75EDA008EE861 /* Release */ = {
			isa = XCBuildConfiguration;
			buildSettings = {
				COMBINE_HIDPI_IMAGES = YES;
				INFOPLIST_FILE = CalculatorTesting/Info.plist;
				LD_RUNPATH_SEARCH_PATHS = "$(inherited) @executable_path/../Frameworks @loader_path/../Frameworks";
				PRODUCT_BUNDLE_IDENTIFIER = au.edu.uts.12537015.CalculatorTesting;
				PRODUCT_NAME = "$(TARGET_NAME)";
			};
			name = Release;
		};
/* End XCBuildConfiguration section */

/* Begin XCConfigurationList section */
		6B0C18201CA25AF90087C7AE /* Build configuration list for PBXProject "calculator" */ = {
			isa = XCConfigurationList;
			buildConfigurations = (
				6B0C182A1CA25AF90087C7AE /* Debug */,
				6B0C182B1CA25AF90087C7AE /* Release */,
			);
			defaultConfigurationIsVisible = 0;
			defaultConfigurationName = Release;
		};
		6B0C182C1CA25AF90087C7AE /* Build configuration list for PBXNativeTarget "calculator" */ = {
			isa = XCConfigurationList;
			buildConfigurations = (
				6B0C182D1CA25AF90087C7AE /* Debug */,
				6B0C182E1CA25AF90087C7AE /* Release */,
			);
			defaultConfigurationIsVisible = 0;
			defaultConfigurationName = Release;
		};
		6B82498D1CA75EDA008EE861 /* Build configuration list for PBXNativeTarget "CalculatorTesting" */ = {
			isa = XCConfigurationList;
			buildConfigurations = (
				6B82498E1CA75EDA008EE861 /* Debug */,
				6B82498F1CA75EDA008EE861 /* Release */,
			);
			defaultConfigurationIsVisible = 0;
		};
/* End XCConfigurationList section */
	};
	rootObject = 6B0C181D1CA25AF90087C7AE /* Project object */;
}
